// !$*UTF8*$!
{
	archiveVersion = 1;
	classes = {
	};
	objectVersion = 46;
	objects = {

/* Begin PBXBuildFile section */
		BE495F301BB1805800C7A2A8 /* AppDelegate.swift in Sources */ = {isa = PBXBuildFile; fileRef = BE495F2F1BB1805800C7A2A8 /* AppDelegate.swift */; };
		BE495F321BB1805800C7A2A8 /* ViewController.swift in Sources */ = {isa = PBXBuildFile; fileRef = BE495F311BB1805800C7A2A8 /* ViewController.swift */; };
		BE495F351BB1805800C7A2A8 /* Main.storyboard in Resources */ = {isa = PBXBuildFile; fileRef = BE495F331BB1805800C7A2A8 /* Main.storyboard */; };
		BE495F371BB1805800C7A2A8 /* Assets.xcassets in Resources */ = {isa = PBXBuildFile; fileRef = BE495F361BB1805800C7A2A8 /* Assets.xcassets */; };
		BE495F3A1BB1805800C7A2A8 /* LaunchScreen.storyboard in Resources */ = {isa = PBXBuildFile; fileRef = BE495F381BB1805800C7A2A8 /* LaunchScreen.storyboard */; };
		BE495F451BB1805800C7A2A8 /* Flick_FinderTests.swift in Sources */ = {isa = PBXBuildFile; fileRef = BE495F441BB1805800C7A2A8 /* Flick_FinderTests.swift */; };
		BE495F501BB1805800C7A2A8 /* Flick_FinderUITests.swift in Sources */ = {isa = PBXBuildFile; fileRef = BE495F4F1BB1805800C7A2A8 /* Flick_FinderUITests.swift */; };
/* End PBXBuildFile section */

/* Begin PBXContainerItemProxy section */
		BE495F411BB1805800C7A2A8 /* PBXContainerItemProxy */ = {
			isa = PBXContainerItemProxy;
			containerPortal = BE495F241BB1805800C7A2A8 /* Project object */;
			proxyType = 1;
			remoteGlobalIDString = BE495F2B1BB1805800C7A2A8;
			remoteInfo = "Flick Finder";
		};
		BE495F4C1BB1805800C7A2A8 /* PBXContainerItemProxy */ = {
			isa = PBXContainerItemProxy;
			containerPortal = BE495F241BB1805800C7A2A8 /* Project object */;
			proxyType = 1;
			remoteGlobalIDString = BE495F2B1BB1805800C7A2A8;
			remoteInfo = "Flick Finder";
		};
/* End PBXContainerItemProxy section */

/* Begin PBXFileReference section */
		BE495F2C1BB1805800C7A2A8 /* Flick Finder.app */ = {isa = PBXFileReference; explicitFileType = wrapper.application; includeInIndex = 0; path = "Flick Finder.app"; sourceTree = BUILT_PRODUCTS_DIR; };
		BE495F2F1BB1805800C7A2A8 /* AppDelegate.swift */ = {isa = PBXFileReference; lastKnownFileType = sourcecode.swift; path = AppDelegate.swift; sourceTree = "<group>"; };
		BE495F311BB1805800C7A2A8 /* ViewController.swift */ = {isa = PBXFileReference; lastKnownFileType = sourcecode.swift; path = ViewController.swift; sourceTree = "<group>"; };
		BE495F341BB1805800C7A2A8 /* Base */ = {isa = PBXFileReference; lastKnownFileType = file.storyboard; name = Base; path = Base.lproj/Main.storyboard; sourceTree = "<group>"; };
		BE495F361BB1805800C7A2A8 /* Assets.xcassets */ = {isa = PBXFileReference; lastKnownFileType = folder.assetcatalog; path = Assets.xcassets; sourceTree = "<group>"; };
		BE495F391BB1805800C7A2A8 /* Base */ = {isa = PBXFileReference; lastKnownFileType = file.storyboard; name = Base; path = Base.lproj/LaunchScreen.storyboard; sourceTree = "<group>"; };
		BE495F3B1BB1805800C7A2A8 /* Info.plist */ = {isa = PBXFileReference; lastKnownFileType = text.plist.xml; path = Info.plist; sourceTree = "<group>"; };
		BE495F401BB1805800C7A2A8 /* Flick FinderTests.xctest */ = {isa = PBXFileReference; explicitFileType = wrapper.cfbundle; includeInIndex = 0; path = "Flick FinderTests.xctest"; sourceTree = BUILT_PRODUCTS_DIR; };
		BE495F441BB1805800C7A2A8 /* Flick_FinderTests.swift */ = {isa = PBXFileReference; lastKnownFileType = sourcecode.swift; path = Flick_FinderTests.swift; sourceTree = "<group>"; };
		BE495F461BB1805800C7A2A8 /* Info.plist */ = {isa = PBXFileReference; lastKnownFileType = text.plist.xml; path = Info.plist; sourceTree = "<group>"; };
		BE495F4B1BB1805800C7A2A8 /* Flick FinderUITests.xctest */ = {isa = PBXFileReference; explicitFileType = wrapper.cfbundle; includeInIndex = 0; path = "Flick FinderUITests.xctest"; sourceTree = BUILT_PRODUCTS_DIR; };
		BE495F4F1BB1805800C7A2A8 /* Flick_FinderUITests.swift */ = {isa = PBXFileReference; lastKnownFileType = sourcecode.swift; path = Flick_FinderUITests.swift; sourceTree = "<group>"; };
		BE495F511BB1805800C7A2A8 /* Info.plist */ = {isa = PBXFileReference; lastKnownFileType = text.plist.xml; path = Info.plist; sourceTree = "<group>"; };
/* End PBXFileReference section */

/* Begin PBXFrameworksBuildPhase section */
		BE495F291BB1805800C7A2A8 /* Frameworks */ = {
			isa = PBXFrameworksBuildPhase;
			buildActionMask = 2147483647;
			files = (
			);
			runOnlyForDeploymentPostprocessing = 0;
		};
		BE495F3D1BB1805800C7A2A8 /* Frameworks */ = {
			isa = PBXFrameworksBuildPhase;
			buildActionMask = 2147483647;
			files = (
			);
			runOnlyForDeploymentPostprocessing = 0;
		};
		BE495F481BB1805800C7A2A8 /* Frameworks */ = {
			isa = PBXFrameworksBuildPhase;
			buildActionMask = 2147483647;
			files = (
			);
			runOnlyForDeploymentPostprocessing = 0;
		};
/* End PBXFrameworksBuildPhase section */

/* Begin PBXGroup section */
		BE495F231BB1805800C7A2A8 = {
			isa = PBXGroup;
			children = (
				BE495F2E1BB1805800C7A2A8 /* Flick Finder */,
				BE495F431BB1805800C7A2A8 /* Flick FinderTests */,
				BE495F4E1BB1805800C7A2A8 /* Flick FinderUITests */,
				BE495F2D1BB1805800C7A2A8 /* Products */,
			);
			sourceTree = "<group>";
		};
		BE495F2D1BB1805800C7A2A8 /* Products */ = {
			isa = PBXGroup;
			children = (
				BE495F2C1BB1805800C7A2A8 /* Flick Finder.app */,
				BE495F401BB1805800C7A2A8 /* Flick FinderTests.xctest */,
				BE495F4B1BB1805800C7A2A8 /* Flick FinderUITests.xctest */,
			);
			name = Products;
			sourceTree = "<group>";
		};
		BE495F2E1BB1805800C7A2A8 /* Flick Finder */ = {
			isa = PBXGroup;
			children = (
				BE495F2F1BB1805800C7A2A8 /* AppDelegate.swift */,
				BE495F311BB1805800C7A2A8 /* ViewController.swift */,
				BE495F331BB1805800C7A2A8 /* Main.storyboard */,
				BE495F361BB1805800C7A2A8 /* Assets.xcassets */,
				BE495F381BB1805800C7A2A8 /* LaunchScreen.storyboard */,
				BE495F3B1BB1805800C7A2A8 /* Info.plist */,
			);
			path = "Flick Finder";
			sourceTree = "<group>";
		};
		BE495F431BB1805800C7A2A8 /* Flick FinderTests */ = {
			isa = PBXGroup;
			children = (
				BE495F441BB1805800C7A2A8 /* Flick_FinderTests.swift */,
				BE495F461BB1805800C7A2A8 /* Info.plist */,
			);
			path = "Flick FinderTests";
			sourceTree = "<group>";
		};
		BE495F4E1BB1805800C7A2A8 /* Flick FinderUITests */ = {
			isa = PBXGroup;
			children = (
				BE495F4F1BB1805800C7A2A8 /* Flick_FinderUITests.swift */,
				BE495F511BB1805800C7A2A8 /* Info.plist */,
			);
			path = "Flick FinderUITests";
			sourceTree = "<group>";
		};
/* End PBXGroup section */

/* Begin PBXNativeTarget section */
		BE495F2B1BB1805800C7A2A8 /* Flick Finder */ = {
			isa = PBXNativeTarget;
			buildConfigurationList = BE495F541BB1805800C7A2A8 /* Build configuration list for PBXNativeTarget "Flick Finder" */;
			buildPhases = (
				BE495F281BB1805800C7A2A8 /* Sources */,
				BE495F291BB1805800C7A2A8 /* Frameworks */,
				BE495F2A1BB1805800C7A2A8 /* Resources */,
			);
			buildRules = (
			);
			dependencies = (
			);
			name = "Flick Finder";
			productName = "Flick Finder";
			productReference = BE495F2C1BB1805800C7A2A8 /* Flick Finder.app */;
			productType = "com.apple.product-type.application";
		};
		BE495F3F1BB1805800C7A2A8 /* Flick FinderTests */ = {
			isa = PBXNativeTarget;
			buildConfigurationList = BE495F571BB1805800C7A2A8 /* Build configuration list for PBXNativeTarget "Flick FinderTests" */;
			buildPhases = (
				BE495F3C1BB1805800C7A2A8 /* Sources */,
				BE495F3D1BB1805800C7A2A8 /* Frameworks */,
				BE495F3E1BB1805800C7A2A8 /* Resources */,
			);
			buildRules = (
			);
			dependencies = (
				BE495F421BB1805800C7A2A8 /* PBXTargetDependency */,
			);
			name = "Flick FinderTests";
			productName = "Flick FinderTests";
			productReference = BE495F401BB1805800C7A2A8 /* Flick FinderTests.xctest */;
			productType = "com.apple.product-type.bundle.unit-test";
		};
		BE495F4A1BB1805800C7A2A8 /* Flick FinderUITests */ = {
			isa = PBXNativeTarget;
			buildConfigurationList = BE495F5A1BB1805800C7A2A8 /* Build configuration list for PBXNativeTarget "Flick FinderUITests" */;
			buildPhases = (
				BE495F471BB1805800C7A2A8 /* Sources */,
				BE495F481BB1805800C7A2A8 /* Frameworks */,
				BE495F491BB1805800C7A2A8 /* Resources */,
			);
			buildRules = (
			);
			dependencies = (
				BE495F4D1BB1805800C7A2A8 /* PBXTargetDependency */,
			);
			name = "Flick FinderUITests";
			productName = "Flick FinderUITests";
			productReference = BE495F4B1BB1805800C7A2A8 /* Flick FinderUITests.xctest */;
			productType = "com.apple.product-type.bundle.ui-testing";
		};
/* End PBXNativeTarget section */

/* Begin PBXProject section */
		BE495F241BB1805800C7A2A8 /* Project object */ = {
			isa = PBXProject;
			attributes = {
				LastUpgradeCheck = 0700;
				ORGANIZATIONNAME = HomeProjects;
				TargetAttributes = {
					BE495F2B1BB1805800C7A2A8 = {
						CreatedOnToolsVersion = 7.0;
					};
					BE495F3F1BB1805800C7A2A8 = {
						CreatedOnToolsVersion = 7.0;
						TestTargetID = BE495F2B1BB1805800C7A2A8;
					};
					BE495F4A1BB1805800C7A2A8 = {
						CreatedOnToolsVersion = 7.0;
						TestTargetID = BE495F2B1BB1805800C7A2A8;
					};
				};
			};
			buildConfigurationList = BE495F271BB1805800C7A2A8 /* Build configuration list for PBXProject "Flick Finder" */;
			compatibilityVersion = "Xcode 3.2";
			developmentRegion = English;
			hasScannedForEncodings = 0;
			knownRegions = (
				en,
				Base,
			);
			mainGroup = BE495F231BB1805800C7A2A8;
			productRefGroup = BE495F2D1BB1805800C7A2A8 /* Products */;
			projectDirPath = "";
			projectRoot = "";
			targets = (
				BE495F2B1BB1805800C7A2A8 /* Flick Finder */,
				BE495F3F1BB1805800C7A2A8 /* Flick FinderTests */,
				BE495F4A1BB1805800C7A2A8 /* Flick FinderUITests */,
			);
		};
/* End PBXProject section */

/* Begin PBXResourcesBuildPhase section */
		BE495F2A1BB1805800C7A2A8 /* Resources */ = {
			isa = PBXResourcesBuildPhase;
			buildActionMask = 2147483647;
			files = (
				BE495F3A1BB1805800C7A2A8 /* LaunchScreen.storyboard in Resources */,
				BE495F371BB1805800C7A2A8 /* Assets.xcassets in Resources */,
				BE495F351BB1805800C7A2A8 /* Main.storyboard in Resources */,
			);
			runOnlyForDeploymentPostprocessing = 0;
		};
		BE495F3E1BB1805800C7A2A8 /* Resources */ = {
			isa = PBXResourcesBuildPhase;
			buildActionMask = 2147483647;
			files = (
			);
			runOnlyForDeploymentPostprocessing = 0;
		};
		BE495F491BB1805800C7A2A8 /* Resources */ = {
			isa = PBXResourcesBuildPhase;
			buildActionMask = 2147483647;
			files = (
			);
			runOnlyForDeploymentPostprocessing = 0;
		};
/* End PBXResourcesBuildPhase section */

/* Begin PBXSourcesBuildPhase section */
		BE495F281BB1805800C7A2A8 /* Sources */ = {
			isa = PBXSourcesBuildPhase;
			buildActionMask = 2147483647;
			files = (
				BE495F321BB1805800C7A2A8 /* ViewController.swift in Sources */,
				BE495F301BB1805800C7A2A8 /* AppDelegate.swift in Sources */,
			);
			runOnlyForDeploymentPostprocessing = 0;
		};
		BE495F3C1BB1805800C7A2A8 /* Sources */ = {
			isa = PBXSourcesBuildPhase;
			buildActionMask = 2147483647;
			files = (
				BE495F451BB1805800C7A2A8 /* Flick_FinderTests.swift in Sources */,
			);
			runOnlyForDeploymentPostprocessing = 0;
		};
		BE495F471BB1805800C7A2A8 /* Sources */ = {
			isa = PBXSourcesBuildPhase;
			buildActionMask = 2147483647;
			files = (
				BE495F501BB1805800C7A2A8 /* Flick_FinderUITests.swift in Sources */,
			);
			runOnlyForDeploymentPostprocessing = 0;
		};
/* End PBXSourcesBuildPhase section */

/* Begin PBXTargetDependency section */
		BE495F421BB1805800C7A2A8 /* PBXTargetDependency */ = {
			isa = PBXTargetDependency;
			target = BE495F2B1BB1805800C7A2A8 /* Flick Finder */;
			targetProxy = BE495F411BB1805800C7A2A8 /* PBXContainerItemProxy */;
		};
		BE495F4D1BB1805800C7A2A8 /* PBXTargetDependency */ = {
			isa = PBXTargetDependency;
			target = BE495F2B1BB1805800C7A2A8 /* Flick Finder */;
			targetProxy = BE495F4C1BB1805800C7A2A8 /* PBXContainerItemProxy */;
		};
/* End PBXTargetDependency section */

/* Begin PBXVariantGroup section */
		BE495F331BB1805800C7A2A8 /* Main.storyboard */ = {
			isa = PBXVariantGroup;
			children = (
				BE495F341BB1805800C7A2A8 /* Base */,
			);
			name = Main.storyboard;
			sourceTree = "<group>";
		};
		BE495F381BB1805800C7A2A8 /* LaunchScreen.storyboard */ = {
			isa = PBXVariantGroup;
			children = (
				BE495F391BB1805800C7A2A8 /* Base */,
			);
			name = LaunchScreen.storyboard;
			sourceTree = "<group>";
		};
/* End PBXVariantGroup section */

/* Begin XCBuildConfiguration section */
		BE495F521BB1805800C7A2A8 /* Debug */ = {
			isa = XCBuildConfiguration;
			buildSettings = {
				ALWAYS_SEARCH_USER_PATHS = NO;
				CLANG_CXX_LANGUAGE_STANDARD = "gnu++0x";
				CLANG_CXX_LIBRARY = "libc++";
				CLANG_ENABLE_MODULES = YES;
				CLANG_ENABLE_OBJC_ARC = YES;
				CLANG_WARN_BOOL_CONVERSION = YES;
				CLANG_WARN_CONSTANT_CONVERSION = YES;
				CLANG_WARN_DIRECT_OBJC_ISA_USAGE = YES_ERROR;
				CLANG_WARN_EMPTY_BODY = YES;
				CLANG_WARN_ENUM_CONVERSION = YES;
				CLANG_WARN_INT_CONVERSION = YES;
				CLANG_WARN_OBJC_ROOT_CLASS = YES_ERROR;
				CLANG_WARN_UNREACHABLE_CODE = YES;
				CLANG_WARN__DUPLICATE_METHOD_MATCH = YES;
				"CODE_SIGN_IDENTITY[sdk=iphoneos*]" = "iPhone Developer";
				COPY_PHASE_STRIP = NO;
				DEBUG_INFORMATION_FORMAT = dwarf;
				ENABLE_STRICT_OBJC_MSGSEND = YES;
				ENABLE_TESTABILITY = YES;
				GCC_C_LANGUAGE_STANDARD = gnu99;
				GCC_DYNAMIC_NO_PIC = NO;
				GCC_NO_COMMON_BLOCKS = YES;
				GCC_OPTIMIZATION_LEVEL = 0;
				GCC_PREPROCESSOR_DEFINITIONS = (
					"DEBUG=1",
					"$(inherited)",
				);
				GCC_WARN_64_TO_32_BIT_CONVERSION = YES;
				GCC_WARN_ABOUT_RETURN_TYPE = YES_ERROR;
				GCC_WARN_UNDECLARED_SELECTOR = YES;
				GCC_WARN_UNINITIALIZED_AUTOS = YES_AGGRESSIVE;
				GCC_WARN_UNUSED_FUNCTION = YES;
				GCC_WARN_UNUSED_VARIABLE = YES;
				IPHONEOS_DEPLOYMENT_TARGET = 9.0;
				MTL_ENABLE_DEBUG_INFO = YES;
				ONLY_ACTIVE_ARCH = YES;
				SDKROOT = iphoneos;
				SWIFT_OPTIMIZATION_LEVEL = "-Onone";
				TARGETED_DEVICE_FAMILY = "1,2";
			};
			name = Debug;
		};
		BE495F531BB1805800C7A2A8 /* Release */ = {
			isa = XCBuildConfiguration;
			buildSettings = {
				ALWAYS_SEARCH_USER_PATHS = NO;
				CLANG_CXX_LANGUAGE_STANDARD = "gnu++0x";
				CLANG_CXX_LIBRARY = "libc++";
				CLANG_ENABLE_MODULES = YES;
				CLANG_ENABLE_OBJC_ARC = YES;
				CLANG_WARN_BOOL_CONVERSION = YES;
				CLANG_WARN_CONSTANT_CONVERSION = YES;
				CLANG_WARN_DIRECT_OBJC_ISA_USAGE = YES_ERROR;
				CLANG_WARN_EMPTY_BODY = YES;
				CLANG_WARN_ENUM_CONVERSION = YES;
				CLANG_WARN_INT_CONVERSION = YES;
				CLANG_WARN_OBJC_ROOT_CLASS = YES_ERROR;
				CLANG_WARN_UNREACHABLE_CODE = YES;
				CLANG_WARN__DUPLICATE_METHOD_MATCH = YES;
				"CODE_SIGN_IDENTITY[sdk=iphoneos*]" = "iPhone Developer";
				COPY_PHASE_STRIP = NO;
				DEBUG_INFORMATION_FORMAT = "dwarf-with-dsym";
				ENABLE_NS_ASSERTIONS = NO;
				ENABLE_STRICT_OBJC_MSGSEND = YES;
				GCC_C_LANGUAGE_STANDARD = gnu99;
				GCC_NO_COMMON_BLOCKS = YES;
				GCC_WARN_64_TO_32_BIT_CONVERSION = YES;
				GCC_WARN_ABOUT_RETURN_TYPE = YES_ERROR;
				GCC_WARN_UNDECLARED_SELECTOR = YES;
				GCC_WARN_UNINITIALIZED_AUTOS = YES_AGGRESSIVE;
				GCC_WARN_UNUSED_FUNCTION = YES;
				GCC_WARN_UNUSED_VARIABLE = YES;
				IPHONEOS_DEPLOYMENT_TARGET = 9.0;
				MTL_ENABLE_DEBUG_INFO = NO;
				SDKROOT = iphoneos;
				TARGETED_DEVICE_FAMILY = "1,2";
				VALIDATE_PRODUCT = YES;
			};
			name = Release;
		};
		BE495F551BB1805800C7A2A8 /* Debug */ = {
			isa = XCBuildConfiguration;
			buildSettings = {
				ASSETCATALOG_COMPILER_APPICON_NAME = AppIcon;
				INFOPLIST_FILE = "Flick Finder/Info.plist";
				LD_RUNPATH_SEARCH_PATHS = "$(inherited) @executable_path/Frameworks";
				PRODUCT_BUNDLE_IDENTIFIER = "com.hogg.frazer.Flick-Finder";
				PRODUCT_NAME = "$(TARGET_NAME)";
			};
			name = Debug;
		};
		BE495F561BB1805800C7A2A8 /* Release */ = {
			isa = XCBuildConfiguration;
			buildSettings = {
				ASSETCATALOG_COMPILER_APPICON_NAME = AppIcon;
				INFOPLIST_FILE = "Flick Finder/Info.plist";
				LD_RUNPATH_SEARCH_PATHS = "$(inherited) @executable_path/Frameworks";
				PRODUCT_BUNDLE_IDENTIFIER = "com.hogg.frazer.Flick-Finder";
				PRODUCT_NAME = "$(TARGET_NAME)";
			};
			name = Release;
		};
		BE495F581BB1805800C7A2A8 /* Debug */ = {
			isa = XCBuildConfiguration;
			buildSettings = {
				BUNDLE_LOADER = "$(TEST_HOST)";
				INFOPLIST_FILE = "Flick FinderTests/Info.plist";
				LD_RUNPATH_SEARCH_PATHS = "$(inherited) @executable_path/Frameworks @loader_path/Frameworks";
				PRODUCT_BUNDLE_IDENTIFIER = "com.hogg.frazer.Flick-FinderTests";
				PRODUCT_NAME = "$(TARGET_NAME)";
				TEST_HOST = "$(BUILT_PRODUCTS_DIR)/Flick Finder.app/Flick Finder";
			};
			name = Debug;
		};
		BE495F591BB1805800C7A2A8 /* Release */ = {
			isa = XCBuildConfiguration;
			buildSettings = {
				BUNDLE_LOADER = "$(TEST_HOST)";
				INFOPLIST_FILE = "Flick FinderTests/Info.plist";
				LD_RUNPATH_SEARCH_PATHS = "$(inherited) @executable_path/Frameworks @loader_path/Frameworks";
				PRODUCT_BUNDLE_IDENTIFIER = "com.hogg.frazer.Flick-FinderTests";
				PRODUCT_NAME = "$(TARGET_NAME)";
				TEST_HOST = "$(BUILT_PRODUCTS_DIR)/Flick Finder.app/Flick Finder";
			};
			name = Release;
		};
		BE495F5B1BB1805800C7A2A8 /* Debug */ = {
			isa = XCBuildConfiguration;
			buildSettings = {
				INFOPLIST_FILE = "Flick FinderUITests/Info.plist";
				LD_RUNPATH_SEARCH_PATHS = "$(inherited) @executable_path/Frameworks @loader_path/Frameworks";
				PRODUCT_BUNDLE_IDENTIFIER = "com.hogg.frazer.Flick-FinderUITests";
				PRODUCT_NAME = "$(TARGET_NAME)";
				TEST_TARGET_NAME = "Flick Finder";
				USES_XCTRUNNER = YES;
			};
			name = Debug;
		};
		BE495F5C1BB1805800C7A2A8 /* Release */ = {
			isa = XCBuildConfiguration;
			buildSettings = {
				INFOPLIST_FILE = "Flick FinderUITests/Info.plist";
				LD_RUNPATH_SEARCH_PATHS = "$(inherited) @executable_path/Frameworks @loader_path/Frameworks";
				PRODUCT_BUNDLE_IDENTIFIER = "com.hogg.frazer.Flick-FinderUITests";
				PRODUCT_NAME = "$(TARGET_NAME)";
				TEST_TARGET_NAME = "Flick Finder";
				USES_XCTRUNNER = YES;
			};
			name = Release;
		};
/* End XCBuildConfiguration section */

/* Begin XCConfigurationList section */
		BE495F271BB1805800C7A2A8 /* Build configuration list for PBXProject "Flick Finder" */ = {
			isa = XCConfigurationList;
			buildConfigurations = (
				BE495F521BB1805800C7A2A8 /* Debug */,
				BE495F531BB1805800C7A2A8 /* Release */,
			);
			defaultConfigurationIsVisible = 0;
			defaultConfigurationName = Release;
		};
		BE495F541BB1805800C7A2A8 /* Build configuration list for PBXNativeTarget "Flick Finder" */ = {
			isa = XCConfigurationList;
			buildConfigurations = (
				BE495F551BB1805800C7A2A8 /* Debug */,
				BE495F561BB1805800C7A2A8 /* Release */,
			);
			defaultConfigurationIsVisible = 0;
		};
		BE495F571BB1805800C7A2A8 /* Build configuration list for PBXNativeTarget "Flick FinderTests" */ = {
			isa = XCConfigurationList;
			buildConfigurations = (
				BE495F581BB1805800C7A2A8 /* Debug */,
				BE495F591BB1805800C7A2A8 /* Release */,
			);
			defaultConfigurationIsVisible = 0;
		};
		BE495F5A1BB1805800C7A2A8 /* Build configuration list for PBXNativeTarget "Flick FinderUITests" */ = {
			isa = XCConfigurationList;
			buildConfigurations = (
				BE495F5B1BB1805800C7A2A8 /* Debug */,
				BE495F5C1BB1805800C7A2A8 /* Release */,
			);
			defaultConfigurationIsVisible = 0;
		};
/* End XCConfigurationList section */
	};
	rootObject = BE495F241BB1805800C7A2A8 /* Project object */;
}
